
Microsoft Visual Studio Solution File, Format Version 12.00
# Visual Studio 15
VisualStudioVersion = 15.0.28307.329
MinimumVisualStudioVersion = 10.0.40219.1
Project("{FAE04EC0-301F-11D3-BF4B-00C04F79EFBC}") = "SomeTests", "SomeTests\SomeTests.csproj", "{A58960D4-881B-43BA-9E21-1AD8008C549D}"
EndProject
Project("{FAE04EC0-301F-11D3-BF4B-00C04F79EFBC}") = "SomeTestsForIt", "SomeTestsForIt\SomeTestsForIt.csproj", "{18A14D2A-27F1-40A7-AA8B-DF867C5BE984}"
EndProject
Global
	GlobalSection(SolutionConfigurationPlatforms) = preSolution
		Debug|Any CPU = Debug|Any CPU
		Release|Any CPU = Release|Any CPU
	EndGlobalSection
	GlobalSection(ProjectConfigurationPlatforms) = postSolution
		{A58960D4-881B-43BA-9E21-1AD8008C549D}.Debug|Any CPU.ActiveCfg = Debug|Any CPU
		{A58960D4-881B-43BA-9E21-1AD8008C549D}.Debug|Any CPU.Build.0 = Debug|Any CPU
		{A58960D4-881B-43BA-9E21-1AD8008C549D}.Release|Any CPU.ActiveCfg = Release|Any CPU
		{A58960D4-881B-43BA-9E21-1AD8008C549D}.Release|Any CPU.Build.0 = Release|Any CPU
		{18A14D2A-27F1-40A7-AA8B-DF867C5BE984}.Debug|Any CPU.ActiveCfg = Debug|Any CPU
		{18A14D2A-27F1-40A7-AA8B-DF867C5BE984}.Debug|Any CPU.Build.0 = Debug|Any CPU
		{18A14D2A-27F1-40A7-AA8B-DF867C5BE984}.Release|Any CPU.ActiveCfg = Release|Any CPU
		{18A14D2A-27F1-40A7-AA8B-DF867C5BE984}.Release|Any CPU.Build.0 = Release|Any CPU
	EndGlobalSection
	GlobalSection(SolutionProperties) = preSolution
		HideSolutionNode = FALSE
	EndGlobalSection
	GlobalSection(ExtensibilityGlobals) = postSolution
		SolutionGuid = {E6861FE6-F364-4732-97F4-38E6F683F25D}
	EndGlobalSection
EndGlobal
